// !$*UTF8*$!
{
	archiveVersion = 1;
	classes = {
	};
	objectVersion = 46;
	objects = {

/* Begin PBXBuildFile section */
		1388F3CED8373123A7342429 /* Pods_Actividad1.framework in Frameworks */ = {isa = PBXBuildFile; fileRef = 1224FC649C0481F6B047C3DD /* Pods_Actividad1.framework */; };
		49B6262F1E97E83C00BCD6EE /* logo1.png in Resources */ = {isa = PBXBuildFile; fileRef = 49B6262E1E97E83C00BCD6EE /* logo1.png */; };
		49B626301E97E83C00BCD6EE /* logo1.png in Resources */ = {isa = PBXBuildFile; fileRef = 49B6262E1E97E83C00BCD6EE /* logo1.png */; };
		49B626311E97E83C00BCD6EE /* logo1.png in Resources */ = {isa = PBXBuildFile; fileRef = 49B6262E1E97E83C00BCD6EE /* logo1.png */; };
		49B626331E97F0FD00BCD6EE /* VCColeccionViewController.swift in Sources */ = {isa = PBXBuildFile; fileRef = 49B626321E97F0FD00BCD6EE /* VCColeccionViewController.swift */; };
		49B626341E97F0FD00BCD6EE /* VCColeccionViewController.swift in Sources */ = {isa = PBXBuildFile; fileRef = 49B626321E97F0FD00BCD6EE /* VCColeccionViewController.swift */; };
		49B626351E97F0FD00BCD6EE /* VCColeccionViewController.swift in Sources */ = {isa = PBXBuildFile; fileRef = 49B626321E97F0FD00BCD6EE /* VCColeccionViewController.swift */; };
		49B626371E97F65800BCD6EE /* CVCMiCelda2CollectionViewCell.swift in Sources */ = {isa = PBXBuildFile; fileRef = 49B626361E97F65800BCD6EE /* CVCMiCelda2CollectionViewCell.swift */; };
		49B626381E97F65800BCD6EE /* CVCMiCelda2CollectionViewCell.swift in Sources */ = {isa = PBXBuildFile; fileRef = 49B626361E97F65800BCD6EE /* CVCMiCelda2CollectionViewCell.swift */; };
		49B626391E97F65800BCD6EE /* CVCMiCelda2CollectionViewCell.swift in Sources */ = {isa = PBXBuildFile; fileRef = 49B626361E97F65800BCD6EE /* CVCMiCelda2CollectionViewCell.swift */; };
		49B6263B1E97FC3900BCD6EE /* playstation.jpg in Resources */ = {isa = PBXBuildFile; fileRef = 49B6263A1E97FC3900BCD6EE /* playstation.jpg */; };
		49B6263C1E97FC3900BCD6EE /* playstation.jpg in Resources */ = {isa = PBXBuildFile; fileRef = 49B6263A1E97FC3900BCD6EE /* playstation.jpg */; };
		49B6263D1E97FC3900BCD6EE /* playstation.jpg in Resources */ = {isa = PBXBuildFile; fileRef = 49B6263A1E97FC3900BCD6EE /* playstation.jpg */; };
		49D6F26F1E93FEC800C9FAC6 /* VCPrincipal.swift in Sources */ = {isa = PBXBuildFile; fileRef = 49D6F26E1E93FEC800C9FAC6 /* VCPrincipal.swift */; };
		49D6F2711E94095000C9FAC6 /* TVCMiCelda.swift in Sources */ = {isa = PBXBuildFile; fileRef = 49D6F2701E94095000C9FAC6 /* TVCMiCelda.swift */; };
		6DD85D08D97E43BED2DF6E27 /* Pods_Actividad1Tests.framework in Frameworks */ = {isa = PBXBuildFile; fileRef = 39BD665AF0FD63BDCACCA86F /* Pods_Actividad1Tests.framework */; };
		8B524DBB1E83C73E00F41212 /* DataHolder.swift in Sources */ = {isa = PBXBuildFile; fileRef = 8B524DBA1E83C73E00F41212 /* DataHolder.swift */; };
		8B524DBD1E83DBE400F41212 /* VCRegistro.swift in Sources */ = {isa = PBXBuildFile; fileRef = 8B524DBC1E83DBE400F41212 /* VCRegistro.swift */; };
		A8EAC6FF1E714EB800C54E7A /* AppDelegate.swift in Sources */ = {isa = PBXBuildFile; fileRef = A8EAC6FE1E714EB800C54E7A /* AppDelegate.swift */; };
		A8EAC7011E714EB800C54E7A /* ViewController.swift in Sources */ = {isa = PBXBuildFile; fileRef = A8EAC7001E714EB800C54E7A /* ViewController.swift */; };
		A8EAC7041E714EB800C54E7A /* Main.storyboard in Resources */ = {isa = PBXBuildFile; fileRef = A8EAC7021E714EB800C54E7A /* Main.storyboard */; };
		A8EAC7061E714EB800C54E7A /* Assets.xcassets in Resources */ = {isa = PBXBuildFile; fileRef = A8EAC7051E714EB800C54E7A /* Assets.xcassets */; };
		A8EAC7091E714EB800C54E7A /* LaunchScreen.storyboard in Resources */ = {isa = PBXBuildFile; fileRef = A8EAC7071E714EB800C54E7A /* LaunchScreen.storyboard */; };
		A8EAC7141E714EB900C54E7A /* Actividad1Tests.swift in Sources */ = {isa = PBXBuildFile; fileRef = A8EAC7131E714EB900C54E7A /* Actividad1Tests.swift */; };
		A8EAC71F1E714EB900C54E7A /* Actividad1UITests.swift in Sources */ = {isa = PBXBuildFile; fileRef = A8EAC71E1E714EB900C54E7A /* Actividad1UITests.swift */; };
		A8EAC72E1E71505C00C54E7A /* MapKit.framework in Frameworks */ = {isa = PBXBuildFile; fileRef = A8EAC72D1E71505C00C54E7A /* MapKit.framework */; };
		A8EAC7341E71709C00C54E7A /* VCItem2.swift in Sources */ = {isa = PBXBuildFile; fileRef = A8EAC7331E71709C00C54E7A /* VCItem2.swift */; };
		DF3B0262C8AF6999DD790E1A /* Pods_Actividad1UITests.framework in Frameworks */ = {isa = PBXBuildFile; fileRef = 87BBC76D9E51322F074D150B /* Pods_Actividad1UITests.framework */; };
/* End PBXBuildFile section */

/* Begin PBXContainerItemProxy section */
		A8EAC7101E714EB800C54E7A /* PBXContainerItemProxy */ = {
			isa = PBXContainerItemProxy;
			containerPortal = A8EAC6F31E714EB800C54E7A /* Project object */;
			proxyType = 1;
			remoteGlobalIDString = A8EAC6FA1E714EB800C54E7A;
			remoteInfo = Actividad1;
		};
		A8EAC71B1E714EB900C54E7A /* PBXContainerItemProxy */ = {
			isa = PBXContainerItemProxy;
			containerPortal = A8EAC6F31E714EB800C54E7A /* Project object */;
			proxyType = 1;
			remoteGlobalIDString = A8EAC6FA1E714EB800C54E7A;
			remoteInfo = Actividad1;
		};
/* End PBXContainerItemProxy section */

/* Begin PBXFileReference section */
		00CE21740EA193454C975E9E /* Pods-Actividad1.release.xcconfig */ = {isa = PBXFileReference; includeInIndex = 1; lastKnownFileType = text.xcconfig; name = "Pods-Actividad1.release.xcconfig"; path = "Pods/Target Support Files/Pods-Actividad1/Pods-Actividad1.release.xcconfig"; sourceTree = "<group>"; };
		1224FC649C0481F6B047C3DD /* Pods_Actividad1.framework */ = {isa = PBXFileReference; explicitFileType = wrapper.framework; includeInIndex = 0; path = Pods_Actividad1.framework; sourceTree = BUILT_PRODUCTS_DIR; };
		39BD665AF0FD63BDCACCA86F /* Pods_Actividad1Tests.framework */ = {isa = PBXFileReference; explicitFileType = wrapper.framework; includeInIndex = 0; path = Pods_Actividad1Tests.framework; sourceTree = BUILT_PRODUCTS_DIR; };
		44A1E5ABD60B556CC1DB95EA /* Pods-Actividad1Tests.debug.xcconfig */ = {isa = PBXFileReference; includeInIndex = 1; lastKnownFileType = text.xcconfig; name = "Pods-Actividad1Tests.debug.xcconfig"; path = "Pods/Target Support Files/Pods-Actividad1Tests/Pods-Actividad1Tests.debug.xcconfig"; sourceTree = "<group>"; };
		49B6262E1E97E83C00BCD6EE /* logo1.png */ = {isa = PBXFileReference; lastKnownFileType = image.png; path = logo1.png; sourceTree = "<group>"; };
		49B626321E97F0FD00BCD6EE /* VCColeccionViewController.swift */ = {isa = PBXFileReference; fileEncoding = 4; lastKnownFileType = sourcecode.swift; path = VCColeccionViewController.swift; sourceTree = "<group>"; };
		49B626361E97F65800BCD6EE /* CVCMiCelda2CollectionViewCell.swift */ = {isa = PBXFileReference; fileEncoding = 4; lastKnownFileType = sourcecode.swift; path = CVCMiCelda2CollectionViewCell.swift; sourceTree = "<group>"; };
		49B6263A1E97FC3900BCD6EE /* playstation.jpg */ = {isa = PBXFileReference; lastKnownFileType = image.jpeg; path = playstation.jpg; sourceTree = "<group>"; };
		49D6F26E1E93FEC800C9FAC6 /* VCPrincipal.swift */ = {isa = PBXFileReference; fileEncoding = 4; lastKnownFileType = sourcecode.swift; path = VCPrincipal.swift; sourceTree = "<group>"; };
		49D6F2701E94095000C9FAC6 /* TVCMiCelda.swift */ = {isa = PBXFileReference; fileEncoding = 4; lastKnownFileType = sourcecode.swift; path = TVCMiCelda.swift; sourceTree = "<group>"; };
		87BBC76D9E51322F074D150B /* Pods_Actividad1UITests.framework */ = {isa = PBXFileReference; explicitFileType = wrapper.framework; includeInIndex = 0; path = Pods_Actividad1UITests.framework; sourceTree = BUILT_PRODUCTS_DIR; };
		8B524DBA1E83C73E00F41212 /* DataHolder.swift */ = {isa = PBXFileReference; fileEncoding = 4; lastKnownFileType = sourcecode.swift; path = DataHolder.swift; sourceTree = "<group>"; };
		8B524DBC1E83DBE400F41212 /* VCRegistro.swift */ = {isa = PBXFileReference; fileEncoding = 4; lastKnownFileType = sourcecode.swift; path = VCRegistro.swift; sourceTree = "<group>"; };
		9E64F740997D95D0C6A217A2 /* Pods-Actividad1UITests.release.xcconfig */ = {isa = PBXFileReference; includeInIndex = 1; lastKnownFileType = text.xcconfig; name = "Pods-Actividad1UITests.release.xcconfig"; path = "Pods/Target Support Files/Pods-Actividad1UITests/Pods-Actividad1UITests.release.xcconfig"; sourceTree = "<group>"; };
		A615F79FC345792444D86D29 /* Pods-Actividad1Tests.release.xcconfig */ = {isa = PBXFileReference; includeInIndex = 1; lastKnownFileType = text.xcconfig; name = "Pods-Actividad1Tests.release.xcconfig"; path = "Pods/Target Support Files/Pods-Actividad1Tests/Pods-Actividad1Tests.release.xcconfig"; sourceTree = "<group>"; };
		A8EAC6FB1E714EB800C54E7A /* Actividad1.app */ = {isa = PBXFileReference; explicitFileType = wrapper.application; includeInIndex = 0; path = Actividad1.app; sourceTree = BUILT_PRODUCTS_DIR; };
		A8EAC6FE1E714EB800C54E7A /* AppDelegate.swift */ = {isa = PBXFileReference; lastKnownFileType = sourcecode.swift; path = AppDelegate.swift; sourceTree = "<group>"; };
		A8EAC7001E714EB800C54E7A /* ViewController.swift */ = {isa = PBXFileReference; lastKnownFileType = sourcecode.swift; path = ViewController.swift; sourceTree = "<group>"; };
		A8EAC7031E714EB800C54E7A /* Base */ = {isa = PBXFileReference; lastKnownFileType = file.storyboard; name = Base; path = Base.lproj/Main.storyboard; sourceTree = "<group>"; };
		A8EAC7051E714EB800C54E7A /* Assets.xcassets */ = {isa = PBXFileReference; lastKnownFileType = folder.assetcatalog; path = Assets.xcassets; sourceTree = "<group>"; };
		A8EAC7081E714EB800C54E7A /* Base */ = {isa = PBXFileReference; lastKnownFileType = file.storyboard; name = Base; path = Base.lproj/LaunchScreen.storyboard; sourceTree = "<group>"; };
		A8EAC70A1E714EB800C54E7A /* Info.plist */ = {isa = PBXFileReference; lastKnownFileType = text.plist.xml; path = Info.plist; sourceTree = "<group>"; };
		A8EAC70F1E714EB800C54E7A /* Actividad1Tests.xctest */ = {isa = PBXFileReference; explicitFileType = wrapper.cfbundle; includeInIndex = 0; path = Actividad1Tests.xctest; sourceTree = BUILT_PRODUCTS_DIR; };
		A8EAC7131E714EB900C54E7A /* Actividad1Tests.swift */ = {isa = PBXFileReference; lastKnownFileType = sourcecode.swift; path = Actividad1Tests.swift; sourceTree = "<group>"; };
		A8EAC7151E714EB900C54E7A /* Info.plist */ = {isa = PBXFileReference; lastKnownFileType = text.plist.xml; path = Info.plist; sourceTree = "<group>"; };
		A8EAC71A1E714EB900C54E7A /* Actividad1UITests.xctest */ = {isa = PBXFileReference; explicitFileType = wrapper.cfbundle; includeInIndex = 0; path = Actividad1UITests.xctest; sourceTree = BUILT_PRODUCTS_DIR; };
		A8EAC71E1E714EB900C54E7A /* Actividad1UITests.swift */ = {isa = PBXFileReference; lastKnownFileType = sourcecode.swift; path = Actividad1UITests.swift; sourceTree = "<group>"; };
		A8EAC7201E714EB900C54E7A /* Info.plist */ = {isa = PBXFileReference; lastKnownFileType = text.plist.xml; path = Info.plist; sourceTree = "<group>"; };
		A8EAC72D1E71505C00C54E7A /* MapKit.framework */ = {isa = PBXFileReference; lastKnownFileType = wrapper.framework; name = MapKit.framework; path = System/Library/Frameworks/MapKit.framework; sourceTree = SDKROOT; };
		A8EAC7331E71709C00C54E7A /* VCItem2.swift */ = {isa = PBXFileReference; fileEncoding = 4; lastKnownFileType = sourcecode.swift; path = VCItem2.swift; sourceTree = "<group>"; };
		B08C67F0CF9D4FD24B5ABB19 /* Pods-Actividad1UITests.debug.xcconfig */ = {isa = PBXFileReference; includeInIndex = 1; lastKnownFileType = text.xcconfig; name = "Pods-Actividad1UITests.debug.xcconfig"; path = "Pods/Target Support Files/Pods-Actividad1UITests/Pods-Actividad1UITests.debug.xcconfig"; sourceTree = "<group>"; };
		E371A4936A7F80814AA4792C /* Pods-Actividad1.debug.xcconfig */ = {isa = PBXFileReference; includeInIndex = 1; lastKnownFileType = text.xcconfig; name = "Pods-Actividad1.debug.xcconfig"; path = "Pods/Target Support Files/Pods-Actividad1/Pods-Actividad1.debug.xcconfig"; sourceTree = "<group>"; };
/* End PBXFileReference section */

/* Begin PBXFrameworksBuildPhase section */
		A8EAC6F81E714EB800C54E7A /* Frameworks */ = {
			isa = PBXFrameworksBuildPhase;
			buildActionMask = 2147483647;
			files = (
				A8EAC72E1E71505C00C54E7A /* MapKit.framework in Frameworks */,
				1388F3CED8373123A7342429 /* Pods_Actividad1.framework in Frameworks */,
			);
			runOnlyForDeploymentPostprocessing = 0;
		};
		A8EAC70C1E714EB800C54E7A /* Frameworks */ = {
			isa = PBXFrameworksBuildPhase;
			buildActionMask = 2147483647;
			files = (
				6DD85D08D97E43BED2DF6E27 /* Pods_Actividad1Tests.framework in Frameworks */,
			);
			runOnlyForDeploymentPostprocessing = 0;
		};
		A8EAC7171E714EB900C54E7A /* Frameworks */ = {
			isa = PBXFrameworksBuildPhase;
			buildActionMask = 2147483647;
			files = (
				DF3B0262C8AF6999DD790E1A /* Pods_Actividad1UITests.framework in Frameworks */,
			);
			runOnlyForDeploymentPostprocessing = 0;
		};
/* End PBXFrameworksBuildPhase section */

/* Begin PBXGroup section */
		9662A560B58EB944D028B573 /* Pods */ = {
			isa = PBXGroup;
			children = (
				E371A4936A7F80814AA4792C /* Pods-Actividad1.debug.xcconfig */,
				00CE21740EA193454C975E9E /* Pods-Actividad1.release.xcconfig */,
				44A1E5ABD60B556CC1DB95EA /* Pods-Actividad1Tests.debug.xcconfig */,
				A615F79FC345792444D86D29 /* Pods-Actividad1Tests.release.xcconfig */,
				B08C67F0CF9D4FD24B5ABB19 /* Pods-Actividad1UITests.debug.xcconfig */,
				9E64F740997D95D0C6A217A2 /* Pods-Actividad1UITests.release.xcconfig */,
			);
			name = Pods;
			sourceTree = "<group>";
		};
		A8EAC6F21E714EB800C54E7A = {
			isa = PBXGroup;
			children = (
				A8EAC6FD1E714EB800C54E7A /* Actividad1 */,
				A8EAC7121E714EB900C54E7A /* Actividad1Tests */,
				A8EAC71D1E714EB900C54E7A /* Actividad1UITests */,
				A8EAC6FC1E714EB800C54E7A /* Products */,
				A8EAC72C1E71505C00C54E7A /* Frameworks */,
				9662A560B58EB944D028B573 /* Pods */,
			);
			sourceTree = "<group>";
		};
		A8EAC6FC1E714EB800C54E7A /* Products */ = {
			isa = PBXGroup;
			children = (
				A8EAC6FB1E714EB800C54E7A /* Actividad1.app */,
				A8EAC70F1E714EB800C54E7A /* Actividad1Tests.xctest */,
				A8EAC71A1E714EB900C54E7A /* Actividad1UITests.xctest */,
			);
			name = Products;
			sourceTree = "<group>";
		};
		A8EAC6FD1E714EB800C54E7A /* Actividad1 */ = {
			isa = PBXGroup;
			children = (
				49B6263A1E97FC3900BCD6EE /* playstation.jpg */,
				A8EAC6FE1E714EB800C54E7A /* AppDelegate.swift */,
				A8EAC7001E714EB800C54E7A /* ViewController.swift */,
				A8EAC7021E714EB800C54E7A /* Main.storyboard */,
				49B6262E1E97E83C00BCD6EE /* logo1.png */,
				A8EAC7051E714EB800C54E7A /* Assets.xcassets */,
				A8EAC7071E714EB800C54E7A /* LaunchScreen.storyboard */,
				A8EAC70A1E714EB800C54E7A /* Info.plist */,
				A8EAC7331E71709C00C54E7A /* VCItem2.swift */,
				8B524DBA1E83C73E00F41212 /* DataHolder.swift */,
				8B524DBC1E83DBE400F41212 /* VCRegistro.swift */,
				49D6F26E1E93FEC800C9FAC6 /* VCPrincipal.swift */,
				49D6F2701E94095000C9FAC6 /* TVCMiCelda.swift */,
				49B626321E97F0FD00BCD6EE /* VCColeccionViewController.swift */,
				49B626361E97F65800BCD6EE /* CVCMiCelda2CollectionViewCell.swift */,
			);
			path = Actividad1;
			sourceTree = "<group>";
		};
		A8EAC7121E714EB900C54E7A /* Actividad1Tests */ = {
			isa = PBXGroup;
			children = (
				A8EAC7131E714EB900C54E7A /* Actividad1Tests.swift */,
				A8EAC7151E714EB900C54E7A /* Info.plist */,
			);
			path = Actividad1Tests;
			sourceTree = "<group>";
		};
		A8EAC71D1E714EB900C54E7A /* Actividad1UITests */ = {
			isa = PBXGroup;
			children = (
				A8EAC71E1E714EB900C54E7A /* Actividad1UITests.swift */,
				A8EAC7201E714EB900C54E7A /* Info.plist */,
			);
			path = Actividad1UITests;
			sourceTree = "<group>";
		};
		A8EAC72C1E71505C00C54E7A /* Frameworks */ = {
			isa = PBXGroup;
			children = (
				A8EAC72D1E71505C00C54E7A /* MapKit.framework */,
				1224FC649C0481F6B047C3DD /* Pods_Actividad1.framework */,
				39BD665AF0FD63BDCACCA86F /* Pods_Actividad1Tests.framework */,
				87BBC76D9E51322F074D150B /* Pods_Actividad1UITests.framework */,
			);
			name = Frameworks;
			sourceTree = "<group>";
		};
/* End PBXGroup section */

/* Begin PBXNativeTarget section */
		A8EAC6FA1E714EB800C54E7A /* Actividad1 */ = {
			isa = PBXNativeTarget;
			buildConfigurationList = A8EAC7231E714EB900C54E7A /* Build configuration list for PBXNativeTarget "Actividad1" */;
			buildPhases = (
				894F45741F23E73ABDA19F24 /* [CP] Check Pods Manifest.lock */,
				A8EAC6F71E714EB800C54E7A /* Sources */,
				A8EAC6F81E714EB800C54E7A /* Frameworks */,
				A8EAC6F91E714EB800C54E7A /* Resources */,
				9D111896324A2361A2AACC59 /* [CP] Embed Pods Frameworks */,
				47CCDE1FDB5E788C538C425F /* [CP] Copy Pods Resources */,
			);
			buildRules = (
			);
			dependencies = (
			);
			name = Actividad1;
			productName = Actividad1;
			productReference = A8EAC6FB1E714EB800C54E7A /* Actividad1.app */;
			productType = "com.apple.product-type.application";
		};
		A8EAC70E1E714EB800C54E7A /* Actividad1Tests */ = {
			isa = PBXNativeTarget;
			buildConfigurationList = A8EAC7261E714EB900C54E7A /* Build configuration list for PBXNativeTarget "Actividad1Tests" */;
			buildPhases = (
				24F6F4387117A1142AF22031 /* [CP] Check Pods Manifest.lock */,
				A8EAC70B1E714EB800C54E7A /* Sources */,
				A8EAC70C1E714EB800C54E7A /* Frameworks */,
				A8EAC70D1E714EB800C54E7A /* Resources */,
				F85830A512CE7DF6A8B29EBB /* [CP] Embed Pods Frameworks */,
				87597D9F3E4919B8FFCB2A18 /* [CP] Copy Pods Resources */,
			);
			buildRules = (
			);
			dependencies = (
				A8EAC7111E714EB800C54E7A /* PBXTargetDependency */,
			);
			name = Actividad1Tests;
			productName = Actividad1Tests;
			productReference = A8EAC70F1E714EB800C54E7A /* Actividad1Tests.xctest */;
			productType = "com.apple.product-type.bundle.unit-test";
		};
		A8EAC7191E714EB900C54E7A /* Actividad1UITests */ = {
			isa = PBXNativeTarget;
			buildConfigurationList = A8EAC7291E714EB900C54E7A /* Build configuration list for PBXNativeTarget "Actividad1UITests" */;
			buildPhases = (
				841FB76378F7060FC098F7A3 /* [CP] Check Pods Manifest.lock */,
				A8EAC7161E714EB900C54E7A /* Sources */,
				A8EAC7171E714EB900C54E7A /* Frameworks */,
				A8EAC7181E714EB900C54E7A /* Resources */,
				56C90A7D83CCD09F07150940 /* [CP] Embed Pods Frameworks */,
				23201CFA01B101BE6D004360 /* [CP] Copy Pods Resources */,
			);
			buildRules = (
			);
			dependencies = (
				A8EAC71C1E714EB900C54E7A /* PBXTargetDependency */,
			);
			name = Actividad1UITests;
			productName = Actividad1UITests;
			productReference = A8EAC71A1E714EB900C54E7A /* Actividad1UITests.xctest */;
			productType = "com.apple.product-type.bundle.ui-testing";
		};
/* End PBXNativeTarget section */

/* Begin PBXProject section */
		A8EAC6F31E714EB800C54E7A /* Project object */ = {
			isa = PBXProject;
			attributes = {
				LastSwiftUpdateCheck = 0820;
				LastUpgradeCheck = 0820;
				ORGANIZATIONNAME = "Jorge López Fernández";
				TargetAttributes = {
					A8EAC6FA1E714EB800C54E7A = {
						CreatedOnToolsVersion = 8.2.1;
						ProvisioningStyle = Automatic;
						SystemCapabilities = {
							com.apple.Maps.iOS = {
								enabled = 0;
							};
						};
					};
					A8EAC70E1E714EB800C54E7A = {
						CreatedOnToolsVersion = 8.2.1;
						ProvisioningStyle = Automatic;
						TestTargetID = A8EAC6FA1E714EB800C54E7A;
					};
					A8EAC7191E714EB900C54E7A = {
						CreatedOnToolsVersion = 8.2.1;
						ProvisioningStyle = Automatic;
						TestTargetID = A8EAC6FA1E714EB800C54E7A;
					};
				};
			};
			buildConfigurationList = A8EAC6F61E714EB800C54E7A /* Build configuration list for PBXProject "Actividad1" */;
			compatibilityVersion = "Xcode 3.2";
			developmentRegion = English;
			hasScannedForEncodings = 0;
			knownRegions = (
				en,
				Base,
			);
			mainGroup = A8EAC6F21E714EB800C54E7A;
			productRefGroup = A8EAC6FC1E714EB800C54E7A /* Products */;
			projectDirPath = "";
			projectRoot = "";
			targets = (
				A8EAC6FA1E714EB800C54E7A /* Actividad1 */,
				A8EAC70E1E714EB800C54E7A /* Actividad1Tests */,
				A8EAC7191E714EB900C54E7A /* Actividad1UITests */,
			);
		};
/* End PBXProject section */

/* Begin PBXResourcesBuildPhase section */
		A8EAC6F91E714EB800C54E7A /* Resources */ = {
			isa = PBXResourcesBuildPhase;
			buildActionMask = 2147483647;
			files = (
				A8EAC7091E714EB800C54E7A /* LaunchScreen.storyboard in Resources */,
				A8EAC7061E714EB800C54E7A /* Assets.xcassets in Resources */,
				49B6263B1E97FC3900BCD6EE /* playstation.jpg in Resources */,
				49B6262F1E97E83C00BCD6EE /* logo1.png in Resources */,
				A8EAC7041E714EB800C54E7A /* Main.storyboard in Resources */,
			);
			runOnlyForDeploymentPostprocessing = 0;
		};
		A8EAC70D1E714EB800C54E7A /* Resources */ = {
			isa = PBXResourcesBuildPhase;
			buildActionMask = 2147483647;
			files = (
				49B6263C1E97FC3900BCD6EE /* playstation.jpg in Resources */,
				49B626301E97E83C00BCD6EE /* logo1.png in Resources */,
			);
			runOnlyForDeploymentPostprocessing = 0;
		};
		A8EAC7181E714EB900C54E7A /* Resources */ = {
			isa = PBXResourcesBuildPhase;
			buildActionMask = 2147483647;
			files = (
				49B6263D1E97FC3900BCD6EE /* playstation.jpg in Resources */,
				49B626311E97E83C00BCD6EE /* logo1.png in Resources */,
			);
			runOnlyForDeploymentPostprocessing = 0;
		};
/* End PBXResourcesBuildPhase section */

/* Begin PBXShellScriptBuildPhase section */
		23201CFA01B101BE6D004360 /* [CP] Copy Pods Resources */ = {
			isa = PBXShellScriptBuildPhase;
			buildActionMask = 2147483647;
			files = (
			);
			inputPaths = (
			);
			name = "[CP] Copy Pods Resources";
			outputPaths = (
			);
			runOnlyForDeploymentPostprocessing = 0;
			shellPath = /bin/sh;
			shellScript = "\"${SRCROOT}/Pods/Target Support Files/Pods-Actividad1UITests/Pods-Actividad1UITests-resources.sh\"\n";
			showEnvVarsInLog = 0;
		};
		24F6F4387117A1142AF22031 /* [CP] Check Pods Manifest.lock */ = {
			isa = PBXShellScriptBuildPhase;
			buildActionMask = 2147483647;
			files = (
			);
			inputPaths = (
			);
			name = "[CP] Check Pods Manifest.lock";
			outputPaths = (
			);
			runOnlyForDeploymentPostprocessing = 0;
			shellPath = /bin/sh;
			shellScript = "diff \"${PODS_ROOT}/../Podfile.lock\" \"${PODS_ROOT}/Manifest.lock\" > /dev/null\nif [ $? != 0 ] ; then\n    # print error to STDERR\n    echo \"error: The sandbox is not in sync with the Podfile.lock. Run 'pod install' or update your CocoaPods installation.\" >&2\n    exit 1\nfi\n";
			showEnvVarsInLog = 0;
		};
		47CCDE1FDB5E788C538C425F /* [CP] Copy Pods Resources */ = {
			isa = PBXShellScriptBuildPhase;
			buildActionMask = 2147483647;
			files = (
			);
			inputPaths = (
			);
			name = "[CP] Copy Pods Resources";
			outputPaths = (
			);
			runOnlyForDeploymentPostprocessing = 0;
			shellPath = /bin/sh;
			shellScript = "\"${SRCROOT}/Pods/Target Support Files/Pods-Actividad1/Pods-Actividad1-resources.sh\"\n";
			showEnvVarsInLog = 0;
		};
		56C90A7D83CCD09F07150940 /* [CP] Embed Pods Frameworks */ = {
			isa = PBXShellScriptBuildPhase;
			buildActionMask = 2147483647;
			files = (
			);
			inputPaths = (
			);
			name = "[CP] Embed Pods Frameworks";
			outputPaths = (
			);
			runOnlyForDeploymentPostprocessing = 0;
			shellPath = /bin/sh;
			shellScript = "\"${SRCROOT}/Pods/Target Support Files/Pods-Actividad1UITests/Pods-Actividad1UITests-frameworks.sh\"\n";
			showEnvVarsInLog = 0;
		};
		841FB76378F7060FC098F7A3 /* [CP] Check Pods Manifest.lock */ = {
			isa = PBXShellScriptBuildPhase;
			buildActionMask = 2147483647;
			files = (
			);
			inputPaths = (
			);
			name = "[CP] Check Pods Manifest.lock";
			outputPaths = (
			);
			runOnlyForDeploymentPostprocessing = 0;
			shellPath = /bin/sh;
			shellScript = "diff \"${PODS_ROOT}/../Podfile.lock\" \"${PODS_ROOT}/Manifest.lock\" > /dev/null\nif [ $? != 0 ] ; then\n    # print error to STDERR\n    echo \"error: The sandbox is not in sync with the Podfile.lock. Run 'pod install' or update your CocoaPods installation.\" >&2\n    exit 1\nfi\n";
			showEnvVarsInLog = 0;
		};
		87597D9F3E4919B8FFCB2A18 /* [CP] Copy Pods Resources */ = {
			isa = PBXShellScriptBuildPhase;
			buildActionMask = 2147483647;
			files = (
			);
			inputPaths = (
			);
			name = "[CP] Copy Pods Resources";
			outputPaths = (
			);
			runOnlyForDeploymentPostprocessing = 0;
			shellPath = /bin/sh;
			shellScript = "\"${SRCROOT}/Pods/Target Support Files/Pods-Actividad1Tests/Pods-Actividad1Tests-resources.sh\"\n";
			showEnvVarsInLog = 0;
		};
		894F45741F23E73ABDA19F24 /* [CP] Check Pods Manifest.lock */ = {
			isa = PBXShellScriptBuildPhase;
			buildActionMask = 2147483647;
			files = (
			);
			inputPaths = (
			);
			name = "[CP] Check Pods Manifest.lock";
			outputPaths = (
			);
			runOnlyForDeploymentPostprocessing = 0;
			shellPath = /bin/sh;
			shellScript = "diff \"${PODS_ROOT}/../Podfile.lock\" \"${PODS_ROOT}/Manifest.lock\" > /dev/null\nif [ $? != 0 ] ; then\n    # print error to STDERR\n    echo \"error: The sandbox is not in sync with the Podfile.lock. Run 'pod install' or update your CocoaPods installation.\" >&2\n    exit 1\nfi\n";
			showEnvVarsInLog = 0;
		};
		9D111896324A2361A2AACC59 /* [CP] Embed Pods Frameworks */ = {
			isa = PBXShellScriptBuildPhase;
			buildActionMask = 2147483647;
			files = (
			);
			inputPaths = (
			);
			name = "[CP] Embed Pods Frameworks";
			outputPaths = (
			);
			runOnlyForDeploymentPostprocessing = 0;
			shellPath = /bin/sh;
			shellScript = "\"${SRCROOT}/Pods/Target Support Files/Pods-Actividad1/Pods-Actividad1-frameworks.sh\"\n";
			showEnvVarsInLog = 0;
		};
		F85830A512CE7DF6A8B29EBB /* [CP] Embed Pods Frameworks */ = {
			isa = PBXShellScriptBuildPhase;
			buildActionMask = 2147483647;
			files = (
			);
			inputPaths = (
			);
			name = "[CP] Embed Pods Frameworks";
			outputPaths = (
			);
			runOnlyForDeploymentPostprocessing = 0;
			shellPath = /bin/sh;
			shellScript = "\"${SRCROOT}/Pods/Target Support Files/Pods-Actividad1Tests/Pods-Actividad1Tests-frameworks.sh\"\n";
			showEnvVarsInLog = 0;
		};
/* End PBXShellScriptBuildPhase section */

/* Begin PBXSourcesBuildPhase section */
		A8EAC6F71E714EB800C54E7A /* Sources */ = {
			isa = PBXSourcesBuildPhase;
			buildActionMask = 2147483647;
			files = (
				49B626371E97F65800BCD6EE /* CVCMiCelda2CollectionViewCell.swift in Sources */,
				A8EAC7011E714EB800C54E7A /* ViewController.swift in Sources */,
				49B626331E97F0FD00BCD6EE /* VCColeccionViewController.swift in Sources */,
				8B524DBD1E83DBE400F41212 /* VCRegistro.swift in Sources */,
				A8EAC6FF1E714EB800C54E7A /* AppDelegate.swift in Sources */,
				49D6F2711E94095000C9FAC6 /* TVCMiCelda.swift in Sources */,
				8B524DBB1E83C73E00F41212 /* DataHolder.swift in Sources */,
				A8EAC7341E71709C00C54E7A /* VCItem2.swift in Sources */,
				49D6F26F1E93FEC800C9FAC6 /* VCPrincipal.swift in Sources */,
			);
			runOnlyForDeploymentPostprocessing = 0;
		};
		A8EAC70B1E714EB800C54E7A /* Sources */ = {
			isa = PBXSourcesBuildPhase;
			buildActionMask = 2147483647;
			files = (
				49B626381E97F65800BCD6EE /* CVCMiCelda2CollectionViewCell.swift in Sources */,
				A8EAC7141E714EB900C54E7A /* Actividad1Tests.swift in Sources */,
				49B626341E97F0FD00BCD6EE /* VCColeccionViewController.swift in Sources */,
			);
			runOnlyForDeploymentPostprocessing = 0;
		};
		A8EAC7161E714EB900C54E7A /* Sources */ = {
			isa = PBXSourcesBuildPhase;
			buildActionMask = 2147483647;
			files = (
				49B626391E97F65800BCD6EE /* CVCMiCelda2CollectionViewCell.swift in Sources */,
				A8EAC71F1E714EB900C54E7A /* Actividad1UITests.swift in Sources */,
				49B626351E97F0FD00BCD6EE /* VCColeccionViewController.swift in Sources */,
			);
			runOnlyForDeploymentPostprocessing = 0;
		};
/* End PBXSourcesBuildPhase section */

/* Begin PBXTargetDependency section */
		A8EAC7111E714EB800C54E7A /* PBXTargetDependency */ = {
			isa = PBXTargetDependency;
			target = A8EAC6FA1E714EB800C54E7A /* Actividad1 */;
			targetProxy = A8EAC7101E714EB800C54E7A /* PBXContainerItemProxy */;
		};
		A8EAC71C1E714EB900C54E7A /* PBXTargetDependency */ = {
			isa = PBXTargetDependency;
			target = A8EAC6FA1E714EB800C54E7A /* Actividad1 */;
			targetProxy = A8EAC71B1E714EB900C54E7A /* PBXContainerItemProxy */;
		};
/* End PBXTargetDependency section */

/* Begin PBXVariantGroup section */
		A8EAC7021E714EB800C54E7A /* Main.storyboard */ = {
			isa = PBXVariantGroup;
			children = (
				A8EAC7031E714EB800C54E7A /* Base */,
			);
			name = Main.storyboard;
			sourceTree = "<group>";
		};
		A8EAC7071E714EB800C54E7A /* LaunchScreen.storyboard */ = {
			isa = PBXVariantGroup;
			children = (
				A8EAC7081E714EB800C54E7A /* Base */,
			);
			name = LaunchScreen.storyboard;
			sourceTree = "<group>";
		};
/* End PBXVariantGroup section */

/* Begin XCBuildConfiguration section */
		A8EAC7211E714EB900C54E7A /* Debug */ = {
			isa = XCBuildConfiguration;
			buildSettings = {
				ALWAYS_SEARCH_USER_PATHS = NO;
				CLANG_ANALYZER_NONNULL = YES;
				CLANG_CXX_LANGUAGE_STANDARD = "gnu++0x";
				CLANG_CXX_LIBRARY = "libc++";
				CLANG_ENABLE_MODULES = YES;
				CLANG_ENABLE_OBJC_ARC = YES;
				CLANG_WARN_BOOL_CONVERSION = YES;
				CLANG_WARN_CONSTANT_CONVERSION = YES;
				CLANG_WARN_DIRECT_OBJC_ISA_USAGE = YES_ERROR;
				CLANG_WARN_DOCUMENTATION_COMMENTS = YES;
				CLANG_WARN_EMPTY_BODY = YES;
				CLANG_WARN_ENUM_CONVERSION = YES;
				CLANG_WARN_INFINITE_RECURSION = YES;
				CLANG_WARN_INT_CONVERSION = YES;
				CLANG_WARN_OBJC_ROOT_CLASS = YES_ERROR;
				CLANG_WARN_SUSPICIOUS_MOVE = YES;
				CLANG_WARN_UNREACHABLE_CODE = YES;
				CLANG_WARN__DUPLICATE_METHOD_MATCH = YES;
				"CODE_SIGN_IDENTITY[sdk=iphoneos*]" = "iPhone Developer";
				COPY_PHASE_STRIP = NO;
				DEBUG_INFORMATION_FORMAT = dwarf;
				ENABLE_STRICT_OBJC_MSGSEND = YES;
				ENABLE_TESTABILITY = YES;
				GCC_C_LANGUAGE_STANDARD = gnu99;
				GCC_DYNAMIC_NO_PIC = NO;
				GCC_NO_COMMON_BLOCKS = YES;
				GCC_OPTIMIZATION_LEVEL = 0;
				GCC_PREPROCESSOR_DEFINITIONS = (
					"DEBUG=1",
					"$(inherited)",
				);
				GCC_WARN_64_TO_32_BIT_CONVERSION = YES;
				GCC_WARN_ABOUT_RETURN_TYPE = YES_ERROR;
				GCC_WARN_UNDECLARED_SELECTOR = YES;
				GCC_WARN_UNINITIALIZED_AUTOS = YES_AGGRESSIVE;
				GCC_WARN_UNUSED_FUNCTION = YES;
				GCC_WARN_UNUSED_VARIABLE = YES;
				IPHONEOS_DEPLOYMENT_TARGET = 10.2;
				MTL_ENABLE_DEBUG_INFO = YES;
				ONLY_ACTIVE_ARCH = YES;
				SDKROOT = iphoneos;
				SWIFT_ACTIVE_COMPILATION_CONDITIONS = DEBUG;
				SWIFT_OPTIMIZATION_LEVEL = "-Onone";
			};
			name = Debug;
		};
		A8EAC7221E714EB900C54E7A /* Release */ = {
			isa = XCBuildConfiguration;
			buildSettings = {
				ALWAYS_SEARCH_USER_PATHS = NO;
				CLANG_ANALYZER_NONNULL = YES;
				CLANG_CXX_LANGUAGE_STANDARD = "gnu++0x";
				CLANG_CXX_LIBRARY = "libc++";
				CLANG_ENABLE_MODULES = YES;
				CLANG_ENABLE_OBJC_ARC = YES;
				CLANG_WARN_BOOL_CONVERSION = YES;
				CLANG_WARN_CONSTANT_CONVERSION = YES;
				CLANG_WARN_DIRECT_OBJC_ISA_USAGE = YES_ERROR;
				CLANG_WARN_DOCUMENTATION_COMMENTS = YES;
				CLANG_WARN_EMPTY_BODY = YES;
				CLANG_WARN_ENUM_CONVERSION = YES;
				CLANG_WARN_INFINITE_RECURSION = YES;
				CLANG_WARN_INT_CONVERSION = YES;
				CLANG_WARN_OBJC_ROOT_CLASS = YES_ERROR;
				CLANG_WARN_SUSPICIOUS_MOVE = YES;
				CLANG_WARN_UNREACHABLE_CODE = YES;
				CLANG_WARN__DUPLICATE_METHOD_MATCH = YES;
				"CODE_SIGN_IDENTITY[sdk=iphoneos*]" = "iPhone Developer";
				COPY_PHASE_STRIP = NO;
				DEBUG_INFORMATION_FORMAT = "dwarf-with-dsym";
				ENABLE_NS_ASSERTIONS = NO;
				ENABLE_STRICT_OBJC_MSGSEND = YES;
				GCC_C_LANGUAGE_STANDARD = gnu99;
				GCC_NO_COMMON_BLOCKS = YES;
				GCC_WARN_64_TO_32_BIT_CONVERSION = YES;
				GCC_WARN_ABOUT_RETURN_TYPE = YES_ERROR;
				GCC_WARN_UNDECLARED_SELECTOR = YES;
				GCC_WARN_UNINITIALIZED_AUTOS = YES_AGGRESSIVE;
				GCC_WARN_UNUSED_FUNCTION = YES;
				GCC_WARN_UNUSED_VARIABLE = YES;
				IPHONEOS_DEPLOYMENT_TARGET = 10.2;
				MTL_ENABLE_DEBUG_INFO = NO;
				SDKROOT = iphoneos;
				SWIFT_OPTIMIZATION_LEVEL = "-Owholemodule";
				VALIDATE_PRODUCT = YES;
			};
			name = Release;
		};
		A8EAC7241E714EB900C54E7A /* Debug */ = {
			isa = XCBuildConfiguration;
			baseConfigurationReference = E371A4936A7F80814AA4792C /* Pods-Actividad1.debug.xcconfig */;
			buildSettings = {
				ASSETCATALOG_COMPILER_APPICON_NAME = AppIcon;
				INFOPLIST_FILE = Actividad1/Info.plist;
				LD_RUNPATH_SEARCH_PATHS = "$(inherited) @executable_path/Frameworks";
				PRODUCT_BUNDLE_IDENTIFIER = UTAD.Actividad1;
				PRODUCT_NAME = "$(TARGET_NAME)";
				SWIFT_VERSION = 3.0;
			};
			name = Debug;
		};
		A8EAC7251E714EB900C54E7A /* Release */ = {
			isa = XCBuildConfiguration;
			baseConfigurationReference = 00CE21740EA193454C975E9E /* Pods-Actividad1.release.xcconfig */;
			buildSettings = {
				ASSETCATALOG_COMPILER_APPICON_NAME = AppIcon;
				INFOPLIST_FILE = Actividad1/Info.plist;
				LD_RUNPATH_SEARCH_PATHS = "$(inherited) @executable_path/Frameworks";
				PRODUCT_BUNDLE_IDENTIFIER = UTAD.Actividad1;
				PRODUCT_NAME = "$(TARGET_NAME)";
				SWIFT_VERSION = 3.0;
			};
			name = Release;
		};
		A8EAC7271E714EB900C54E7A /* Debug */ = {
			isa = XCBuildConfiguration;
			baseConfigurationReference = 44A1E5ABD60B556CC1DB95EA /* Pods-Actividad1Tests.debug.xcconfig */;
			buildSettings = {
				ALWAYS_EMBED_SWIFT_STANDARD_LIBRARIES = YES;
				BUNDLE_LOADER = "$(TEST_HOST)";
				INFOPLIST_FILE = Actividad1Tests/Info.plist;
				LD_RUNPATH_SEARCH_PATHS = "$(inherited) @executable_path/Frameworks @loader_path/Frameworks";
				PRODUCT_BUNDLE_IDENTIFIER = UTAD.Actividad1Tests;
				PRODUCT_NAME = "$(TARGET_NAME)";
				SWIFT_VERSION = 3.0;
				TEST_HOST = "$(BUILT_PRODUCTS_DIR)/Actividad1.app/Actividad1";
			};
			name = Debug;
		};
		A8EAC7281E714EB900C54E7A /* Release */ = {
			isa = XCBuildConfiguration;
			baseConfigurationReference = A615F79FC345792444D86D29 /* Pods-Actividad1Tests.release.xcconfig */;
			buildSettings = {
				ALWAYS_EMBED_SWIFT_STANDARD_LIBRARIES = YES;
				BUNDLE_LOADER = "$(TEST_HOST)";
				INFOPLIST_FILE = Actividad1Tests/Info.plist;
				LD_RUNPATH_SEARCH_PATHS = "$(inherited) @executable_path/Frameworks @loader_path/Frameworks";
				PRODUCT_BUNDLE_IDENTIFIER = UTAD.Actividad1Tests;
				PRODUCT_NAME = "$(TARGET_NAME)";
				SWIFT_VERSION = 3.0;
				TEST_HOST = "$(BUILT_PRODUCTS_DIR)/Actividad1.app/Actividad1";
			};
			name = Release;
		};
		A8EAC72A1E714EB900C54E7A /* Debug */ = {
			isa = XCBuildConfiguration;
			baseConfigurationReference = B08C67F0CF9D4FD24B5ABB19 /* Pods-Actividad1UITests.debug.xcconfig */;
			buildSettings = {
				ALWAYS_EMBED_SWIFT_STANDARD_LIBRARIES = YES;
				INFOPLIST_FILE = Actividad1UITests/Info.plist;
				LD_RUNPATH_SEARCH_PATHS = "$(inherited) @executable_path/Frameworks @loader_path/Frameworks";
				PRODUCT_BUNDLE_IDENTIFIER = UTAD.Actividad1UITests;
				PRODUCT_NAME = "$(TARGET_NAME)";
				SWIFT_VERSION = 3.0;
				TEST_TARGET_NAME = Actividad1;
			};
			name = Debug;
		};
		A8EAC72B1E714EB900C54E7A /* Release */ = {
			isa = XCBuildConfiguration;
			baseConfigurationReference = 9E64F740997D95D0C6A217A2 /* Pods-Actividad1UITests.release.xcconfig */;
			buildSettings = {
				ALWAYS_EMBED_SWIFT_STANDARD_LIBRARIES = YES;
				INFOPLIST_FILE = Actividad1UITests/Info.plist;
				LD_RUNPATH_SEARCH_PATHS = "$(inherited) @executable_path/Frameworks @loader_path/Frameworks";
				PRODUCT_BUNDLE_IDENTIFIER = UTAD.Actividad1UITests;
				PRODUCT_NAME = "$(TARGET_NAME)";
				SWIFT_VERSION = 3.0;
				TEST_TARGET_NAME = Actividad1;
			};
			name = Release;
		};
/* End XCBuildConfiguration section */

/* Begin XCConfigurationList section */
		A8EAC6F61E714EB800C54E7A /* Build configuration list for PBXProject "Actividad1" */ = {
			isa = XCConfigurationList;
			buildConfigurations = (
				A8EAC7211E714EB900C54E7A /* Debug */,
				A8EAC7221E714EB900C54E7A /* Release */,
			);
			defaultConfigurationIsVisible = 0;
			defaultConfigurationName = Release;
		};
		A8EAC7231E714EB900C54E7A /* Build configuration list for PBXNativeTarget "Actividad1" */ = {
			isa = XCConfigurationList;
			buildConfigurations = (
				A8EAC7241E714EB900C54E7A /* Debug */,
				A8EAC7251E714EB900C54E7A /* Release */,
			);
			defaultConfigurationIsVisible = 0;
			defaultConfigurationName = Release;
		};
		A8EAC7261E714EB900C54E7A /* Build configuration list for PBXNativeTarget "Actividad1Tests" */ = {
			isa = XCConfigurationList;
			buildConfigurations = (
				A8EAC7271E714EB900C54E7A /* Debug */,
				A8EAC7281E714EB900C54E7A /* Release */,
			);
			defaultConfigurationIsVisible = 0;
			defaultConfigurationName = Release;
		};
		A8EAC7291E714EB900C54E7A /* Build configuration list for PBXNativeTarget "Actividad1UITests" */ = {
			isa = XCConfigurationList;
			buildConfigurations = (
				A8EAC72A1E714EB900C54E7A /* Debug */,
				A8EAC72B1E714EB900C54E7A /* Release */,
			);
			defaultConfigurationIsVisible = 0;
			defaultConfigurationName = Release;
		};
/* End XCConfigurationList section */
	};
	rootObject = A8EAC6F31E714EB800C54E7A /* Project object */;
}
